PODS:
  - R.swift (3.2.0):
    - R.swift.Library (~> 3.0.2)
  - R.swift.Library (3.0.2)
  - RxCocoa (3.4.1):
    - RxSwift (~> 3.4)
  - RxDataSources (1.0.3):
    - RxCocoa (~> 3.0)
    - RxSwift (~> 3.0)
  - RxState (0.0.1):
    - RxCocoa (= 3.4.1)
    - RxSwift (= 3.4.1)
  - RxSwift (3.4.1)

DEPENDENCIES:
  - R.swift (= 3.2.0)
  - RxDataSources (= 1.0.3)
  - RxState (from `../`)

EXTERNAL SOURCES:
  RxState:
    :path: "../"

SPEC CHECKSUMS:
  R.swift: 207a372a2b5977caef440c696a368009460641d1
  R.swift.Library: fbdec16c9802ad104fc1ba53415dc190e6ec5c73
  RxCocoa: a8a5f1d061d0043e28f56976829f31ce63e8eb09
  RxDataSources: a021a0e944ba5f7991259829d973afdbfa719c0b
  RxState: 938a811d5b3f9a38837ff22f44b1bdb7c7407566
  RxSwift: 656f8fbeca5bc372121a72d9ebdd3cd3bc0ffade

PODFILE CHECKSUM: 779362a4faaae3ab789c0723b6db4833ba6936cf

COCOAPODS: 1.2.1
